
Microsoft Visual Studio Solution File, Format Version 12.00
# Visual Studio 2013
VisualStudioVersion = 12.0.31101.0
MinimumVisualStudioVersion = 10.0.40219.1
Project("{FAE04EC0-301F-11D3-BF4B-00C04F79EFBC}") = "ScriptCs.Rebus", "ScriptCs.Rebus\ScriptCs.Rebus.csproj", "{C4750F62-B63A-4E4E-8101-5CC65237EF91}"
EndProject
Project("{2150E333-8FDC-42A3-9474-1A3956D46DE8}") = "Solution Items", "Solution Items", "{E4FFDD54-26C4-47B7-A89A-90F032807740}"
EndProject
Project("{FAE04EC0-301F-11D3-BF4B-00C04F79EFBC}") = "ScriptCs.Rebus.RabbitMQ", "ScriptCs.Rebus.RabbitMQ\ScriptCs.Rebus.RabbitMQ.csproj", "{14F9316B-6712-4F47-B26D-53C40A611B37}"
EndProject
Project("{FAE04EC0-301F-11D3-BF4B-00C04F79EFBC}") = "ScriptCs.Rebus.AzureServiceBus", "ScriptCs.Rebus.AzureServiceBus\ScriptCs.Rebus.AzureServiceBus.csproj", "{178C9DB4-846E-41EF-AC15-9C247DBD5DEE}"
EndProject
Project("{FAE04EC0-301F-11D3-BF4B-00C04F79EFBC}") = "ScriptCs.Rebus.Hosting", "ScriptCs.Rebus.Hosting\ScriptCs.Rebus.Hosting.csproj", "{59CEAB43-F8E0-4CD7-A25D-7FA7F5AFE680}"
EndProject
Project("{2150E333-8FDC-42A3-9474-1A3956D46DE8}") = ".nuget", ".nuget", "{9D89CCDF-42AD-4F52-849D-9BEA64957009}"
EndProject
Project("{FAE04EC0-301F-11D3-BF4B-00C04F79EFBC}") = "ScriptCs.Rebus.Test", "ScriptCs.Rebus.Test\ScriptCs.Rebus.Test.csproj", "{1B450A6F-B3F9-4ECC-B800-7F3D51BCC431}"
EndProject
Global
	GlobalSection(SolutionConfigurationPlatforms) = preSolution
		Debug|Any CPU = Debug|Any CPU
		Release|Any CPU = Release|Any CPU
	EndGlobalSection
	GlobalSection(ProjectConfigurationPlatforms) = postSolution
		{C4750F62-B63A-4E4E-8101-5CC65237EF91}.Debug|Any CPU.ActiveCfg = Debug|Any CPU
		{C4750F62-B63A-4E4E-8101-5CC65237EF91}.Debug|Any CPU.Build.0 = Debug|Any CPU
		{C4750F62-B63A-4E4E-8101-5CC65237EF91}.Release|Any CPU.ActiveCfg = Release|Any CPU
		{C4750F62-B63A-4E4E-8101-5CC65237EF91}.Release|Any CPU.Build.0 = Release|Any CPU
		{14F9316B-6712-4F47-B26D-53C40A611B37}.Debug|Any CPU.ActiveCfg = Debug|Any CPU
		{14F9316B-6712-4F47-B26D-53C40A611B37}.Debug|Any CPU.Build.0 = Debug|Any CPU
		{14F9316B-6712-4F47-B26D-53C40A611B37}.Release|Any CPU.ActiveCfg = Release|Any CPU
		{14F9316B-6712-4F47-B26D-53C40A611B37}.Release|Any CPU.Build.0 = Release|Any CPU
		{178C9DB4-846E-41EF-AC15-9C247DBD5DEE}.Debug|Any CPU.ActiveCfg = Debug|Any CPU
		{178C9DB4-846E-41EF-AC15-9C247DBD5DEE}.Debug|Any CPU.Build.0 = Debug|Any CPU
		{178C9DB4-846E-41EF-AC15-9C247DBD5DEE}.Release|Any CPU.ActiveCfg = Release|Any CPU
		{178C9DB4-846E-41EF-AC15-9C247DBD5DEE}.Release|Any CPU.Build.0 = Release|Any CPU
		{59CEAB43-F8E0-4CD7-A25D-7FA7F5AFE680}.Debug|Any CPU.ActiveCfg = Debug|Any CPU
		{59CEAB43-F8E0-4CD7-A25D-7FA7F5AFE680}.Debug|Any CPU.Build.0 = Debug|Any CPU
		{59CEAB43-F8E0-4CD7-A25D-7FA7F5AFE680}.Release|Any CPU.ActiveCfg = Release|Any CPU
		{59CEAB43-F8E0-4CD7-A25D-7FA7F5AFE680}.Release|Any CPU.Build.0 = Release|Any CPU
		{1B450A6F-B3F9-4ECC-B800-7F3D51BCC431}.Debug|Any CPU.ActiveCfg = Debug|Any CPU
		{1B450A6F-B3F9-4ECC-B800-7F3D51BCC431}.Debug|Any CPU.Build.0 = Debug|Any CPU
		{1B450A6F-B3F9-4ECC-B800-7F3D51BCC431}.Release|Any CPU.ActiveCfg = Release|Any CPU
		{1B450A6F-B3F9-4ECC-B800-7F3D51BCC431}.Release|Any CPU.Build.0 = Release|Any CPU
	EndGlobalSection
	GlobalSection(SolutionProperties) = preSolution
		HideSolutionNode = FALSE
	EndGlobalSection
EndGlobal
