
Microsoft Visual Studio Solution File, Format Version 12.00
# Visual Studio 2013
VisualStudioVersion = 12.0.30723.0
MinimumVisualStudioVersion = 10.0.40219.1
Project("{FAE04EC0-301F-11D3-BF4B-00C04F79EFBC}") = "ScriptCs.Rebus", "ScriptCs.Rebus\ScriptCs.Rebus.csproj", "{C4750F62-B63A-4E4E-8101-5CC65237EF91}"
EndProject
Project("{2150E333-8FDC-42A3-9474-1A3956D46DE8}") = "Solution Items", "Solution Items", "{E4FFDD54-26C4-47B7-A89A-90F032807740}"
EndProject
Project("{FAE04EC0-301F-11D3-BF4B-00C04F79EFBC}") = "ScriptCs.Rebus.RabbitMQ", "ScriptCs.Rebus.RabbitMQ\ScriptCs.Rebus.RabbitMQ.csproj", "{14F9316B-6712-4F47-B26D-53C40A611B37}"
EndProject
Global
	GlobalSection(SolutionConfigurationPlatforms) = preSolution
		Debug|Any CPU = Debug|Any CPU
		Release|Any CPU = Release|Any CPU
	EndGlobalSection
	GlobalSection(ProjectConfigurationPlatforms) = postSolution
		{C4750F62-B63A-4E4E-8101-5CC65237EF91}.Debug|Any CPU.ActiveCfg = Debug|Any CPU
		{C4750F62-B63A-4E4E-8101-5CC65237EF91}.Debug|Any CPU.Build.0 = Debug|Any CPU
		{C4750F62-B63A-4E4E-8101-5CC65237EF91}.Release|Any CPU.ActiveCfg = Release|Any CPU
		{C4750F62-B63A-4E4E-8101-5CC65237EF91}.Release|Any CPU.Build.0 = Release|Any CPU
		{14F9316B-6712-4F47-B26D-53C40A611B37}.Debug|Any CPU.ActiveCfg = Debug|Any CPU
		{14F9316B-6712-4F47-B26D-53C40A611B37}.Debug|Any CPU.Build.0 = Debug|Any CPU
		{14F9316B-6712-4F47-B26D-53C40A611B37}.Release|Any CPU.ActiveCfg = Release|Any CPU
		{14F9316B-6712-4F47-B26D-53C40A611B37}.Release|Any CPU.Build.0 = Release|Any CPU
	EndGlobalSection
	GlobalSection(SolutionProperties) = preSolution
		HideSolutionNode = FALSE
	EndGlobalSection
EndGlobal
